{
  "name": "assets",
  "lockfileVersion": 2,
  "requires": true,
  "packages": {
    "": {
      "dependencies": {
        "dplayer": "^1.26.0",
        "hls.js": "^1.1.1"
      }
    },
    "../deps/phoenix": {
      "version": "1.6.2",
      "integrity": "sha512-VjR27NETvrLSj8rI6DlpVAfo7pCYth/9+1OCoTof4LKEbq0141ze/tdxFHHZzVQSok3gqJUo2h/tqbxR3r8eyw==",
      "extraneous": true
    },
    "../deps/phoenix_html": {
      "version": "3.1.0",
      "integrity": "sha512-PB41xiF7pDzUSL+iKHI4xvGPLY9tUD2C/BE7oEWcCpt3+wrNweAlhbLk2tzM7uQOTZHMyaTLs1rYytg0t5aJyw==",
      "extraneous": true
    },
    "../deps/phoenix_live_view": {
      "version": "0.16.4",
      "integrity": "sha512-aP1VpXmOx/fknNB99x87XXgjjtgcJdio7NNs/nxzovR/hoMab38i3XjrfEc34hbVrCJEk08z1LSqsZSSHH08KA==",
      "extraneous": true
    },
    "node_modules/axios": {
      "version": "0.19.2",
      "resolved": "https://registry.npmjs.org/axios/-/axios-0.19.2.tgz",
      "integrity": "sha512-fjgm5MvRHLhx+osE2xoekY70AhARk3a6hkN+3Io1jc00jtquGvxYlKlsFUhmUET0V5te6CcZI7lcv2Ym61mjHA==",
      "deprecated": "Critical security vulnerability fixed in v0.21.1. For more information, see https://github.com/axios/axios/pull/3410",
      "dependencies": {
        "follow-redirects": "1.5.10"
      }
    },
    "node_modules/balloon-css": {
      "version": "1.2.0",
      "resolved": "https://registry.npmjs.org/balloon-css/-/balloon-css-1.2.0.tgz",
      "integrity": "sha512-urXwkHgwp6GsXVF+it01485Z2Cj4pnW02ICnM0TemOlkKmCNnDLmyy+ZZiRXBpwldUXO+aRNr7Hdia4CBvXJ5A=="
    },
    "node_modules/debug": {
      "version": "3.1.0",
      "resolved": "https://registry.npmjs.org/debug/-/debug-3.1.0.tgz",
      "integrity": "sha512-OX8XqP7/1a9cqkxYw2yXss15f26NKWBpDXQd0/uK/KPqdQhxbPa994hnzjcE2VqQpDslf55723cKPUOGSmMY3g==",
      "dependencies": {
        "ms": "2.0.0"
      }
    },
    "node_modules/dplayer": {
      "version": "1.26.0",
      "resolved": "https://registry.npmjs.org/dplayer/-/dplayer-1.26.0.tgz",
      "integrity": "sha512-uOE0w/WdlX7N9d0ppIEcAYrcnUjY52TMX+MBL4lj9Mj+JMljVuaEc5w88HkZp5Q11VqvN/jxnM8ktx2Dr7/MgA==",
      "dependencies": {
        "axios": "0.19.2",
        "balloon-css": "^1.0.3",
        "promise-polyfill": "8.1.3"
      }
    },
    "node_modules/follow-redirects": {
      "version": "1.5.10",
      "resolved": "https://registry.npmjs.org/follow-redirects/-/follow-redirects-1.5.10.tgz",
      "integrity": "sha512-0V5l4Cizzvqt5D44aTXbFZz+FtyXV1vrDN6qrelxtfYQKW0KO0W2T/hkE8xvGa/540LkZlkaUjO4ailYTFtHVQ==",
      "dependencies": {
        "debug": "=3.1.0"
      },
      "engines": {
        "node": ">=4.0"
      }
    },
    "node_modules/hls.js": {
      "version": "1.1.1",
      "resolved": "https://registry.npmjs.org/hls.js/-/hls.js-1.1.1.tgz",
      "integrity": "sha512-2VEVzO/gr5LOD6K/DEmBkKEary6hr4YZ/SLb0PV81jOAM/Tl9DviL0sFMoUHDq05/j4OZxIj691Zo0p40u3Gtw=="
    },
    "node_modules/ms": {
      "version": "2.0.0",
      "resolved": "https://registry.npmjs.org/ms/-/ms-2.0.0.tgz",
      "integrity": "sha1-VgiurfwAvmwpAd9fmGF4jeDVl8g="
    },
    "node_modules/promise-polyfill": {
      "version": "8.1.3",
      "resolved": "https://registry.npmjs.org/promise-polyfill/-/promise-polyfill-8.1.3.tgz",
      "integrity": "sha512-MG5r82wBzh7pSKDRa9y+vllNHz3e3d4CNj1PQE4BQYxLme0gKYYBm9YENq+UkEikyZ0XbiGWxYlVw3Rl9O/U8g=="
    }
  },
  "dependencies": {
    "axios": {
      "version": "0.19.2",
      "resolved": "https://registry.npmjs.org/axios/-/axios-0.19.2.tgz",
      "integrity": "sha512-fjgm5MvRHLhx+osE2xoekY70AhARk3a6hkN+3Io1jc00jtquGvxYlKlsFUhmUET0V5te6CcZI7lcv2Ym61mjHA==",
      "requires": {
        "follow-redirects": "1.5.10"
      }
    },
    "balloon-css": {
      "version": "1.2.0",
      "resolved": "https://registry.npmjs.org/balloon-css/-/balloon-css-1.2.0.tgz",
      "integrity": "sha512-urXwkHgwp6GsXVF+it01485Z2Cj4pnW02ICnM0TemOlkKmCNnDLmyy+ZZiRXBpwldUXO+aRNr7Hdia4CBvXJ5A=="
    },
    "debug": {
      "version": "3.1.0",
      "resolved": "https://registry.npmjs.org/debug/-/debug-3.1.0.tgz",
      "integrity": "sha512-OX8XqP7/1a9cqkxYw2yXss15f26NKWBpDXQd0/uK/KPqdQhxbPa994hnzjcE2VqQpDslf55723cKPUOGSmMY3g==",
      "requires": {
        "ms": "2.0.0"
      }
    },
    "dplayer": {
      "version": "1.26.0",
      "resolved": "https://registry.npmjs.org/dplayer/-/dplayer-1.26.0.tgz",
      "integrity": "sha512-uOE0w/WdlX7N9d0ppIEcAYrcnUjY52TMX+MBL4lj9Mj+JMljVuaEc5w88HkZp5Q11VqvN/jxnM8ktx2Dr7/MgA==",
      "requires": {
        "axios": "0.19.2",
        "balloon-css": "^1.0.3",
        "promise-polyfill": "8.1.3"
      }
    },
    "follow-redirects": {
      "version": "1.5.10",
      "resolved": "https://registry.npmjs.org/follow-redirects/-/follow-redirects-1.5.10.tgz",
      "integrity": "sha512-0V5l4Cizzvqt5D44aTXbFZz+FtyXV1vrDN6qrelxtfYQKW0KO0W2T/hkE8xvGa/540LkZlkaUjO4ailYTFtHVQ==",
      "requires": {
        "debug": "=3.1.0"
      }
    },
    "hls.js": {
      "version": "1.1.1",
      "resolved": "https://registry.npmjs.org/hls.js/-/hls.js-1.1.1.tgz",
      "integrity": "sha512-2VEVzO/gr5LOD6K/DEmBkKEary6hr4YZ/SLb0PV81jOAM/Tl9DviL0sFMoUHDq05/j4OZxIj691Zo0p40u3Gtw=="
    },
    "ms": {
      "version": "2.0.0",
      "resolved": "https://registry.npmjs.org/ms/-/ms-2.0.0.tgz",
      "integrity": "sha1-VgiurfwAvmwpAd9fmGF4jeDVl8g="
    },
    "promise-polyfill": {
      "version": "8.1.3",
      "resolved": "https://registry.npmjs.org/promise-polyfill/-/promise-polyfill-8.1.3.tgz",
      "integrity": "sha512-MG5r82wBzh7pSKDRa9y+vllNHz3e3d4CNj1PQE4BQYxLme0gKYYBm9YENq+UkEikyZ0XbiGWxYlVw3Rl9O/U8g=="
    }
  }
}
